// !$*UTF8*$!
{
	archiveVersion = 1;
	classes = {
	};
	objectVersion = 46;
	objects = {

/* Begin PBXBuildFile section */
		22E5BF9519881705008ABF13 /* Foundation.framework in Frameworks */ = {isa = PBXBuildFile; fileRef = 22E5BF9419881705008ABF13 /* Foundation.framework */; };
		22E5BF9719881705008ABF13 /* CoreGraphics.framework in Frameworks */ = {isa = PBXBuildFile; fileRef = 22E5BF9619881705008ABF13 /* CoreGraphics.framework */; };
		22E5BF9919881705008ABF13 /* UIKit.framework in Frameworks */ = {isa = PBXBuildFile; fileRef = 22E5BF9819881705008ABF13 /* UIKit.framework */; };
		22E5BF9F19881705008ABF13 /* InfoPlist.strings in Resources */ = {isa = PBXBuildFile; fileRef = 22E5BF9D19881705008ABF13 /* InfoPlist.strings */; };
		22E5BFA119881705008ABF13 /* main.m in Sources */ = {isa = PBXBuildFile; fileRef = 22E5BFA019881705008ABF13 /* main.m */; };
		22E5BFA519881705008ABF13 /* TDLAppDelegate.m in Sources */ = {isa = PBXBuildFile; fileRef = 22E5BFA419881705008ABF13 /* TDLAppDelegate.m */; };
		22E5BFA819881705008ABF13 /* Main.storyboard in Resources */ = {isa = PBXBuildFile; fileRef = 22E5BFA619881705008ABF13 /* Main.storyboard */; };
		22E5BFAB19881705008ABF13 /* TDLViewController.m in Sources */ = {isa = PBXBuildFile; fileRef = 22E5BFAA19881705008ABF13 /* TDLViewController.m */; };
		22E5BFAD19881705008ABF13 /* Images.xcassets in Resources */ = {isa = PBXBuildFile; fileRef = 22E5BFAC19881705008ABF13 /* Images.xcassets */; };
		22E5BFB419881705008ABF13 /* XCTest.framework in Frameworks */ = {isa = PBXBuildFile; fileRef = 22E5BFB319881705008ABF13 /* XCTest.framework */; };
		22E5BFB519881705008ABF13 /* Foundation.framework in Frameworks */ = {isa = PBXBuildFile; fileRef = 22E5BF9419881705008ABF13 /* Foundation.framework */; };
		22E5BFB619881705008ABF13 /* UIKit.framework in Frameworks */ = {isa = PBXBuildFile; fileRef = 22E5BF9819881705008ABF13 /* UIKit.framework */; };
		22E5BFBE19881705008ABF13 /* InfoPlist.strings in Resources */ = {isa = PBXBuildFile; fileRef = 22E5BFBC19881705008ABF13 /* InfoPlist.strings */; };
		22E5BFC019881705008ABF13 /* TIADOLANCHETests.m in Sources */ = {isa = PBXBuildFile; fileRef = 22E5BFBF19881705008ABF13 /* TIADOLANCHETests.m */; };
/* End PBXBuildFile section */

/* Begin PBXContainerItemProxy section */
		22E5BFB719881705008ABF13 /* PBXContainerItemProxy */ = {
			isa = PBXContainerItemProxy;
			containerPortal = 22E5BF8919881705008ABF13 /* Project object */;
			proxyType = 1;
			remoteGlobalIDString = 22E5BF9019881705008ABF13;
			remoteInfo = TIADOLANCHE;
		};
/* End PBXContainerItemProxy section */

/* Begin PBXFileReference section */
		22E5BF9119881705008ABF13 /* TIADOLANCHE.app */ = {isa = PBXFileReference; explicitFileType = wrapper.application; includeInIndex = 0; path = TIADOLANCHE.app; sourceTree = BUILT_PRODUCTS_DIR; };
		22E5BF9419881705008ABF13 /* Foundation.framework */ = {isa = PBXFileReference; lastKnownFileType = wrapper.framework; name = Foundation.framework; path = System/Library/Frameworks/Foundation.framework; sourceTree = SDKROOT; };
		22E5BF9619881705008ABF13 /* CoreGraphics.framework */ = {isa = PBXFileReference; lastKnownFileType = wrapper.framework; name = CoreGraphics.framework; path = System/Library/Frameworks/CoreGraphics.framework; sourceTree = SDKROOT; };
		22E5BF9819881705008ABF13 /* UIKit.framework */ = {isa = PBXFileReference; lastKnownFileType = wrapper.framework; name = UIKit.framework; path = System/Library/Frameworks/UIKit.framework; sourceTree = SDKROOT; };
		22E5BF9C19881705008ABF13 /* TIADOLANCHE-Info.plist */ = {isa = PBXFileReference; lastKnownFileType = text.plist.xml; path = "TIADOLANCHE-Info.plist"; sourceTree = "<group>"; };
		22E5BF9E19881705008ABF13 /* en */ = {isa = PBXFileReference; lastKnownFileType = text.plist.strings; name = en; path = en.lproj/InfoPlist.strings; sourceTree = "<group>"; };
		22E5BFA019881705008ABF13 /* main.m */ = {isa = PBXFileReference; lastKnownFileType = sourcecode.c.objc; path = main.m; sourceTree = "<group>"; };
		22E5BFA219881705008ABF13 /* TIADOLANCHE-Prefix.pch */ = {isa = PBXFileReference; lastKnownFileType = sourcecode.c.h; path = "TIADOLANCHE-Prefix.pch"; sourceTree = "<group>"; };
		22E5BFA319881705008ABF13 /* TDLAppDelegate.h */ = {isa = PBXFileReference; lastKnownFileType = sourcecode.c.h; path = TDLAppDelegate.h; sourceTree = "<group>"; };
		22E5BFA419881705008ABF13 /* TDLAppDelegate.m */ = {isa = PBXFileReference; lastKnownFileType = sourcecode.c.objc; path = TDLAppDelegate.m; sourceTree = "<group>"; };
		22E5BFA719881705008ABF13 /* Base */ = {isa = PBXFileReference; lastKnownFileType = file.storyboard; name = Base; path = Base.lproj/Main.storyboard; sourceTree = "<group>"; };
		22E5BFA919881705008ABF13 /* TDLViewController.h */ = {isa = PBXFileReference; lastKnownFileType = sourcecode.c.h; path = TDLViewController.h; sourceTree = "<group>"; };
		22E5BFAA19881705008ABF13 /* TDLViewController.m */ = {isa = PBXFileReference; lastKnownFileType = sourcecode.c.objc; path = TDLViewController.m; sourceTree = "<group>"; };
		22E5BFAC19881705008ABF13 /* Images.xcassets */ = {isa = PBXFileReference; lastKnownFileType = folder.assetcatalog; path = Images.xcassets; sourceTree = "<group>"; };
		22E5BFB219881705008ABF13 /* TIADOLANCHETests.xctest */ = {isa = PBXFileReference; explicitFileType = wrapper.cfbundle; includeInIndex = 0; path = TIADOLANCHETests.xctest; sourceTree = BUILT_PRODUCTS_DIR; };
		22E5BFB319881705008ABF13 /* XCTest.framework */ = {isa = PBXFileReference; lastKnownFileType = wrapper.framework; name = XCTest.framework; path = Library/Frameworks/XCTest.framework; sourceTree = DEVELOPER_DIR; };
		22E5BFBB19881705008ABF13 /* TIADOLANCHETests-Info.plist */ = {isa = PBXFileReference; lastKnownFileType = text.plist.xml; path = "TIADOLANCHETests-Info.plist"; sourceTree = "<group>"; };
		22E5BFBD19881705008ABF13 /* en */ = {isa = PBXFileReference; lastKnownFileType = text.plist.strings; name = en; path = en.lproj/InfoPlist.strings; sourceTree = "<group>"; };
		22E5BFBF19881705008ABF13 /* TIADOLANCHETests.m */ = {isa = PBXFileReference; lastKnownFileType = sourcecode.c.objc; path = TIADOLANCHETests.m; sourceTree = "<group>"; };
/* End PBXFileReference section */

/* Begin PBXFrameworksBuildPhase section */
		22E5BF8E19881705008ABF13 /* Frameworks */ = {
			isa = PBXFrameworksBuildPhase;
			buildActionMask = 2147483647;
			files = (
				22E5BF9719881705008ABF13 /* CoreGraphics.framework in Frameworks */,
				22E5BF9919881705008ABF13 /* UIKit.framework in Frameworks */,
				22E5BF9519881705008ABF13 /* Foundation.framework in Frameworks */,
			);
			runOnlyForDeploymentPostprocessing = 0;
		};
		22E5BFAF19881705008ABF13 /* Frameworks */ = {
			isa = PBXFrameworksBuildPhase;
			buildActionMask = 2147483647;
			files = (
				22E5BFB419881705008ABF13 /* XCTest.framework in Frameworks */,
				22E5BFB619881705008ABF13 /* UIKit.framework in Frameworks */,
				22E5BFB519881705008ABF13 /* Foundation.framework in Frameworks */,
			);
			runOnlyForDeploymentPostprocessing = 0;
		};
/* End PBXFrameworksBuildPhase section */

/* Begin PBXGroup section */
		22E5BF8819881705008ABF13 = {
			isa = PBXGroup;
			children = (
				22E5BF9A19881705008ABF13 /* TIADOLANCHE */,
				22E5BFB919881705008ABF13 /* TIADOLANCHETests */,
				22E5BF9319881705008ABF13 /* Frameworks */,
				22E5BF9219881705008ABF13 /* Products */,
			);
			sourceTree = "<group>";
		};
		22E5BF9219881705008ABF13 /* Products */ = {
			isa = PBXGroup;
			children = (
				22E5BF9119881705008ABF13 /* TIADOLANCHE.app */,
				22E5BFB219881705008ABF13 /* TIADOLANCHETests.xctest */,
			);
			name = Products;
			sourceTree = "<group>";
		};
		22E5BF9319881705008ABF13 /* Frameworks */ = {
			isa = PBXGroup;
			children = (
				22E5BF9419881705008ABF13 /* Foundation.framework */,
				22E5BF9619881705008ABF13 /* CoreGraphics.framework */,
				22E5BF9819881705008ABF13 /* UIKit.framework */,
				22E5BFB319881705008ABF13 /* XCTest.framework */,
			);
			name = Frameworks;
			sourceTree = "<group>";
		};
		22E5BF9A19881705008ABF13 /* TIADOLANCHE */ = {
			isa = PBXGroup;
			children = (
				22E5BFA319881705008ABF13 /* TDLAppDelegate.h */,
				22E5BFA419881705008ABF13 /* TDLAppDelegate.m */,
				22E5BFA619881705008ABF13 /* Main.storyboard */,
				22E5BFA919881705008ABF13 /* TDLViewController.h */,
				22E5BFAA19881705008ABF13 /* TDLViewController.m */,
				22E5BFAC19881705008ABF13 /* Images.xcassets */,
				22E5BF9B19881705008ABF13 /* Supporting Files */,
			);
			path = TIADOLANCHE;
			sourceTree = "<group>";
		};
		22E5BF9B19881705008ABF13 /* Supporting Files */ = {
			isa = PBXGroup;
			children = (
				22E5BF9C19881705008ABF13 /* TIADOLANCHE-Info.plist */,
				22E5BF9D19881705008ABF13 /* InfoPlist.strings */,
				22E5BFA019881705008ABF13 /* main.m */,
				22E5BFA219881705008ABF13 /* TIADOLANCHE-Prefix.pch */,
			);
			name = "Supporting Files";
			sourceTree = "<group>";
		};
		22E5BFB919881705008ABF13 /* TIADOLANCHETests */ = {
			isa = PBXGroup;
			children = (
				22E5BFBF19881705008ABF13 /* TIADOLANCHETests.m */,
				22E5BFBA19881705008ABF13 /* Supporting Files */,
			);
			path = TIADOLANCHETests;
			sourceTree = "<group>";
		};
		22E5BFBA19881705008ABF13 /* Supporting Files */ = {
			isa = PBXGroup;
			children = (
				22E5BFBB19881705008ABF13 /* TIADOLANCHETests-Info.plist */,
				22E5BFBC19881705008ABF13 /* InfoPlist.strings */,
			);
			name = "Supporting Files";
			sourceTree = "<group>";
		};
/* End PBXGroup section */

/* Begin PBXNativeTarget section */
		22E5BF9019881705008ABF13 /* TIADOLANCHE */ = {
			isa = PBXNativeTarget;
			buildConfigurationList = 22E5BFC319881705008ABF13 /* Build configuration list for PBXNativeTarget "TIADOLANCHE" */;
			buildPhases = (
				22E5BF8D19881705008ABF13 /* Sources */,
				22E5BF8E19881705008ABF13 /* Frameworks */,
				22E5BF8F19881705008ABF13 /* Resources */,
			);
			buildRules = (
			);
			dependencies = (
			);
			name = TIADOLANCHE;
			productName = TIADOLANCHE;
			productReference = 22E5BF9119881705008ABF13 /* TIADOLANCHE.app */;
			productType = "com.apple.product-type.application";
		};
		22E5BFB119881705008ABF13 /* TIADOLANCHETests */ = {
			isa = PBXNativeTarget;
			buildConfigurationList = 22E5BFC619881705008ABF13 /* Build configuration list for PBXNativeTarget "TIADOLANCHETests" */;
			buildPhases = (
				22E5BFAE19881705008ABF13 /* Sources */,
				22E5BFAF19881705008ABF13 /* Frameworks */,
				22E5BFB019881705008ABF13 /* Resources */,
			);
			buildRules = (
			);
			dependencies = (
				22E5BFB819881705008ABF13 /* PBXTargetDependency */,
			);
			name = TIADOLANCHETests;
			productName = TIADOLANCHETests;
			productReference = 22E5BFB219881705008ABF13 /* TIADOLANCHETests.xctest */;
			productType = "com.apple.product-type.bundle.unit-test";
		};
/* End PBXNativeTarget section */

/* Begin PBXProject section */
		22E5BF8919881705008ABF13 /* Project object */ = {
			isa = PBXProject;
			attributes = {
				CLASSPREFIX = TDL;
				LastUpgradeCheck = 0510;
				ORGANIZATIONNAME = bepid;
				TargetAttributes = {
					22E5BFB119881705008ABF13 = {
						TestTargetID = 22E5BF9019881705008ABF13;
					};
				};
			};
			buildConfigurationList = 22E5BF8C19881705008ABF13 /* Build configuration list for PBXProject "TIADOLANCHE" */;
			compatibilityVersion = "Xcode 3.2";
			developmentRegion = English;
			hasScannedForEncodings = 0;
			knownRegions = (
				en,
				Base,
			);
			mainGroup = 22E5BF8819881705008ABF13;
			productRefGroup = 22E5BF9219881705008ABF13 /* Products */;
			projectDirPath = "";
			projectRoot = "";
			targets = (
				22E5BF9019881705008ABF13 /* TIADOLANCHE */,
				22E5BFB119881705008ABF13 /* TIADOLANCHETests */,
			);
		};
/* End PBXProject section */

/* Begin PBXResourcesBuildPhase section */
		22E5BF8F19881705008ABF13 /* Resources */ = {
			isa = PBXResourcesBuildPhase;
			buildActionMask = 2147483647;
			files = (
				22E5BFAD19881705008ABF13 /* Images.xcassets in Resources */,
				22E5BF9F19881705008ABF13 /* InfoPlist.strings in Resources */,
				22E5BFA819881705008ABF13 /* Main.storyboard in Resources */,
			);
			runOnlyForDeploymentPostprocessing = 0;
		};
		22E5BFB019881705008ABF13 /* Resources */ = {
			isa = PBXResourcesBuildPhase;
			buildActionMask = 2147483647;
			files = (
				22E5BFBE19881705008ABF13 /* InfoPlist.strings in Resources */,
			);
			runOnlyForDeploymentPostprocessing = 0;
		};
/* End PBXResourcesBuildPhase section */

/* Begin PBXSourcesBuildPhase section */
		22E5BF8D19881705008ABF13 /* Sources */ = {
			isa = PBXSourcesBuildPhase;
			buildActionMask = 2147483647;
			files = (
				22E5BFA119881705008ABF13 /* main.m in Sources */,
				22E5BFA519881705008ABF13 /* TDLAppDelegate.m in Sources */,
				22E5BFAB19881705008ABF13 /* TDLViewController.m in Sources */,
			);
			runOnlyForDeploymentPostprocessing = 0;
		};
		22E5BFAE19881705008ABF13 /* Sources */ = {
			isa = PBXSourcesBuildPhase;
			buildActionMask = 2147483647;
			files = (
				22E5BFC019881705008ABF13 /* TIADOLANCHETests.m in Sources */,
			);
			runOnlyForDeploymentPostprocessing = 0;
		};
/* End PBXSourcesBuildPhase section */

/* Begin PBXTargetDependency section */
		22E5BFB819881705008ABF13 /* PBXTargetDependency */ = {
			isa = PBXTargetDependency;
			target = 22E5BF9019881705008ABF13 /* TIADOLANCHE */;
			targetProxy = 22E5BFB719881705008ABF13 /* PBXContainerItemProxy */;
		};
/* End PBXTargetDependency section */

/* Begin PBXVariantGroup section */
		22E5BF9D19881705008ABF13 /* InfoPlist.strings */ = {
			isa = PBXVariantGroup;
			children = (
				22E5BF9E19881705008ABF13 /* en */,
			);
			name = InfoPlist.strings;
			sourceTree = "<group>";
		};
		22E5BFA619881705008ABF13 /* Main.storyboard */ = {
			isa = PBXVariantGroup;
			children = (
				22E5BFA719881705008ABF13 /* Base */,
			);
			name = Main.storyboard;
			sourceTree = "<group>";
		};
		22E5BFBC19881705008ABF13 /* InfoPlist.strings */ = {
			isa = PBXVariantGroup;
			children = (
				22E5BFBD19881705008ABF13 /* en */,
			);
			name = InfoPlist.strings;
			sourceTree = "<group>";
		};
/* End PBXVariantGroup section */

/* Begin XCBuildConfiguration section */
		22E5BFC119881705008ABF13 /* Debug */ = {
			isa = XCBuildConfiguration;
			buildSettings = {
				ALWAYS_SEARCH_USER_PATHS = NO;
				CLANG_CXX_LANGUAGE_STANDARD = "gnu++0x";
				CLANG_CXX_LIBRARY = "libc++";
				CLANG_ENABLE_MODULES = YES;
				CLANG_ENABLE_OBJC_ARC = YES;
				CLANG_WARN_BOOL_CONVERSION = YES;
				CLANG_WARN_CONSTANT_CONVERSION = YES;
				CLANG_WARN_DIRECT_OBJC_ISA_USAGE = YES_ERROR;
				CLANG_WARN_EMPTY_BODY = YES;
				CLANG_WARN_ENUM_CONVERSION = YES;
				CLANG_WARN_INT_CONVERSION = YES;
				CLANG_WARN_OBJC_ROOT_CLASS = YES_ERROR;
				CLANG_WARN__DUPLICATE_METHOD_MATCH = YES;
				"CODE_SIGN_IDENTITY[sdk=iphoneos*]" = "iPhone Developer";
				COPY_PHASE_STRIP = NO;
				GCC_C_LANGUAGE_STANDARD = gnu99;
				GCC_DYNAMIC_NO_PIC = NO;
				GCC_OPTIMIZATION_LEVEL = 0;
				GCC_PREPROCESSOR_DEFINITIONS = (
					"DEBUG=1",
					"$(inherited)",
				);
				GCC_SYMBOLS_PRIVATE_EXTERN = NO;
				GCC_WARN_64_TO_32_BIT_CONVERSION = YES;
				GCC_WARN_ABOUT_RETURN_TYPE = YES_ERROR;
				GCC_WARN_UNDECLARED_SELECTOR = YES;
				GCC_WARN_UNINITIALIZED_AUTOS = YES_AGGRESSIVE;
				GCC_WARN_UNUSED_FUNCTION = YES;
				GCC_WARN_UNUSED_VARIABLE = YES;
				IPHONEOS_DEPLOYMENT_TARGET = 7.1;
				ONLY_ACTIVE_ARCH = YES;
				SDKROOT = iphoneos;
			};
			name = Debug;
		};
		22E5BFC219881705008ABF13 /* Release */ = {
			isa = XCBuildConfiguration;
			buildSettings = {
				ALWAYS_SEARCH_USER_PATHS = NO;
				CLANG_CXX_LANGUAGE_STANDARD = "gnu++0x";
				CLANG_CXX_LIBRARY = "libc++";
				CLANG_ENABLE_MODULES = YES;
				CLANG_ENABLE_OBJC_ARC = YES;
				CLANG_WARN_BOOL_CONVERSION = YES;
				CLANG_WARN_CONSTANT_CONVERSION = YES;
				CLANG_WARN_DIRECT_OBJC_ISA_USAGE = YES_ERROR;
				CLANG_WARN_EMPTY_BODY = YES;
				CLANG_WARN_ENUM_CONVERSION = YES;
				CLANG_WARN_INT_CONVERSION = YES;
				CLANG_WARN_OBJC_ROOT_CLASS = YES_ERROR;
				CLANG_WARN__DUPLICATE_METHOD_MATCH = YES;
				"CODE_SIGN_IDENTITY[sdk=iphoneos*]" = "iPhone Developer";
				COPY_PHASE_STRIP = YES;
				ENABLE_NS_ASSERTIONS = NO;
				GCC_C_LANGUAGE_STANDARD = gnu99;
				GCC_WARN_64_TO_32_BIT_CONVERSION = YES;
				GCC_WARN_ABOUT_RETURN_TYPE = YES_ERROR;
				GCC_WARN_UNDECLARED_SELECTOR = YES;
				GCC_WARN_UNINITIALIZED_AUTOS = YES_AGGRESSIVE;
				GCC_WARN_UNUSED_FUNCTION = YES;
				GCC_WARN_UNUSED_VARIABLE = YES;
				IPHONEOS_DEPLOYMENT_TARGET = 7.1;
				SDKROOT = iphoneos;
				VALIDATE_PRODUCT = YES;
			};
			name = Release;
		};
		22E5BFC419881705008ABF13 /* Debug */ = {
			isa = XCBuildConfiguration;
			buildSettings = {
				ASSETCATALOG_COMPILER_APPICON_NAME = "AppIcon-2";
				ASSETCATALOG_COMPILER_LAUNCHIMAGE_NAME = LaunchImage;
				GCC_PRECOMPILE_PREFIX_HEADER = YES;
				GCC_PREFIX_HEADER = "TIADOLANCHE/TIADOLANCHE-Prefix.pch";
				INFOPLIST_FILE = "TIADOLANCHE/TIADOLANCHE-Info.plist";
				PRODUCT_NAME = "$(TARGET_NAME)";
				PROVISIONING_PROFILE = "3A146DA7-B6CE-492E-8330-B8085B30B01F";
				WRAPPER_EXTENSION = app;
			};
			name = Debug;
		};
		22E5BFC519881705008ABF13 /* Release */ = {
			isa = XCBuildConfiguration;
			buildSettings = {
				ASSETCATALOG_COMPILER_APPICON_NAME = "AppIcon-2";
				ASSETCATALOG_COMPILER_LAUNCHIMAGE_NAME = LaunchImage;
				GCC_PRECOMPILE_PREFIX_HEADER = YES;
				GCC_PREFIX_HEADER = "TIADOLANCHE/TIADOLANCHE-Prefix.pch";
				INFOPLIST_FILE = "TIADOLANCHE/TIADOLANCHE-Info.plist";
				PRODUCT_NAME = "$(TARGET_NAME)";
				PROVISIONING_PROFILE = "3A146DA7-B6CE-492E-8330-B8085B30B01F";
				WRAPPER_EXTENSION = app;
			};
			name = Release;
		};
		22E5BFC719881705008ABF13 /* Debug */ = {
			isa = XCBuildConfiguration;
			buildSettings = {
				BUNDLE_LOADER = "$(BUILT_PRODUCTS_DIR)/TIADOLANCHE.app/TIADOLANCHE";
				FRAMEWORK_SEARCH_PATHS = (
					"$(SDKROOT)/Developer/Library/Frameworks",
					"$(inherited)",
					"$(DEVELOPER_FRAMEWORKS_DIR)",
				);
				GCC_PRECOMPILE_PREFIX_HEADER = YES;
				GCC_PREFIX_HEADER = "TIADOLANCHE/TIADOLANCHE-Prefix.pch";
				GCC_PREPROCESSOR_DEFINITIONS = (
					"DEBUG=1",
					"$(inherited)",
				);
				INFOPLIST_FILE = "TIADOLANCHETests/TIADOLANCHETests-Info.plist";
				PRODUCT_NAME = "$(TARGET_NAME)";
				TEST_HOST = "$(BUNDLE_LOADER)";
				WRAPPER_EXTENSION = xctest;
			};
			name = Debug;
		};
		22E5BFC819881705008ABF13 /* Release */ = {
			isa = XCBuildConfiguration;
			buildSettings = {
				BUNDLE_LOADER = "$(BUILT_PRODUCTS_DIR)/TIADOLANCHE.app/TIADOLANCHE";
				FRAMEWORK_SEARCH_PATHS = (
					"$(SDKROOT)/Developer/Library/Frameworks",
					"$(inherited)",
					"$(DEVELOPER_FRAMEWORKS_DIR)",
				);
				GCC_PRECOMPILE_PREFIX_HEADER = YES;
				GCC_PREFIX_HEADER = "TIADOLANCHE/TIADOLANCHE-Prefix.pch";
				INFOPLIST_FILE = "TIADOLANCHETests/TIADOLANCHETests-Info.plist";
				PRODUCT_NAME = "$(TARGET_NAME)";
				TEST_HOST = "$(BUNDLE_LOADER)";
				WRAPPER_EXTENSION = xctest;
			};
			name = Release;
		};
/* End XCBuildConfiguration section */

/* Begin XCConfigurationList section */
		22E5BF8C19881705008ABF13 /* Build configuration list for PBXProject "TIADOLANCHE" */ = {
			isa = XCConfigurationList;
			buildConfigurations = (
				22E5BFC119881705008ABF13 /* Debug */,
				22E5BFC219881705008ABF13 /* Release */,
			);
			defaultConfigurationIsVisible = 0;
			defaultConfigurationName = Release;
		};
		22E5BFC319881705008ABF13 /* Build configuration list for PBXNativeTarget "TIADOLANCHE" */ = {
			isa = XCConfigurationList;
			buildConfigurations = (
				22E5BFC419881705008ABF13 /* Debug */,
				22E5BFC519881705008ABF13 /* Release */,
			);
			defaultConfigurationIsVisible = 0;
		};
		22E5BFC619881705008ABF13 /* Build configuration list for PBXNativeTarget "TIADOLANCHETests" */ = {
			isa = XCConfigurationList;
			buildConfigurations = (
				22E5BFC719881705008ABF13 /* Debug */,
				22E5BFC819881705008ABF13 /* Release */,
			);
			defaultConfigurationIsVisible = 0;
		};
/* End XCConfigurationList section */
	};
	rootObject = 22E5BF8919881705008ABF13 /* Project object */;
}
